// !$*UTF8*$!
{
	archiveVersion = 1;
	classes = {
	};
	objectVersion = 55;
	objects = {

/* Begin PBXBuildFile section */
		033777C778DEEBFBD9F31946 /* Pods_PushDemo.framework in Frameworks */ = {isa = PBXBuildFile; fileRef = 8FA14E05B68DA29E13807EDE /* Pods_PushDemo.framework */; };
		B410B16A28FE5645000CD740 /* AppDelegate.swift in Sources */ = {isa = PBXBuildFile; fileRef = B410B16928FE5645000CD740 /* AppDelegate.swift */; };
		B410B16C28FE5645000CD740 /* SceneDelegate.swift in Sources */ = {isa = PBXBuildFile; fileRef = B410B16B28FE5645000CD740 /* SceneDelegate.swift */; };
		B410B16E28FE5645000CD740 /* ViewController.swift in Sources */ = {isa = PBXBuildFile; fileRef = B410B16D28FE5645000CD740 /* ViewController.swift */; };
		B410B17128FE5645000CD740 /* Main.storyboard in Resources */ = {isa = PBXBuildFile; fileRef = B410B16F28FE5645000CD740 /* Main.storyboard */; };
		B410B17328FE5646000CD740 /* Assets.xcassets in Resources */ = {isa = PBXBuildFile; fileRef = B410B17228FE5646000CD740 /* Assets.xcassets */; };
		B410B17628FE5646000CD740 /* LaunchScreen.storyboard in Resources */ = {isa = PBXBuildFile; fileRef = B410B17428FE5646000CD740 /* LaunchScreen.storyboard */; };
		B43245B8291117DB00EFD107 /* QMAnimatinManager.swift in Sources */ = {isa = PBXBuildFile; fileRef = B43245B7291117DB00EFD107 /* QMAnimatinManager.swift */; };
		B43245BA29111F2500EFD107 /* QMAnimatorProtocol.swift in Sources */ = {isa = PBXBuildFile; fileRef = B43245B929111F2500EFD107 /* QMAnimatorProtocol.swift */; };
		B4BD103129120D100099F724 /* QMPercentDrivenInteractiveTransition.swift in Sources */ = {isa = PBXBuildFile; fileRef = B4BD103029120D100099F724 /* QMPercentDrivenInteractiveTransition.swift */; };
		B4BD103329121A990099F724 /* QMSwipeAnimator.swift in Sources */ = {isa = PBXBuildFile; fileRef = B4BD103229121A990099F724 /* QMSwipeAnimator.swift */; };
		B4D984D629150B0E0058B081 /* YYNestScrollView.swift in Sources */ = {isa = PBXBuildFile; fileRef = B4D984D529150B0E0058B081 /* YYNestScrollView.swift */; };
/* End PBXBuildFile section */

/* Begin PBXFileReference section */
		8FA14E05B68DA29E13807EDE /* Pods_PushDemo.framework */ = {isa = PBXFileReference; explicitFileType = wrapper.framework; includeInIndex = 0; path = Pods_PushDemo.framework; sourceTree = BUILT_PRODUCTS_DIR; };
		B410B16628FE5645000CD740 /* PushDemo.app */ = {isa = PBXFileReference; explicitFileType = wrapper.application; includeInIndex = 0; path = PushDemo.app; sourceTree = BUILT_PRODUCTS_DIR; };
		B410B16928FE5645000CD740 /* AppDelegate.swift */ = {isa = PBXFileReference; lastKnownFileType = sourcecode.swift; path = AppDelegate.swift; sourceTree = "<group>"; };
		B410B16B28FE5645000CD740 /* SceneDelegate.swift */ = {isa = PBXFileReference; lastKnownFileType = sourcecode.swift; path = SceneDelegate.swift; sourceTree = "<group>"; };
		B410B16D28FE5645000CD740 /* ViewController.swift */ = {isa = PBXFileReference; lastKnownFileType = sourcecode.swift; path = ViewController.swift; sourceTree = "<group>"; };
		B410B17028FE5645000CD740 /* Base */ = {isa = PBXFileReference; lastKnownFileType = file.storyboard; name = Base; path = Base.lproj/Main.storyboard; sourceTree = "<group>"; };
		B410B17228FE5646000CD740 /* Assets.xcassets */ = {isa = PBXFileReference; lastKnownFileType = folder.assetcatalog; path = Assets.xcassets; sourceTree = "<group>"; };
		B410B17528FE5646000CD740 /* Base */ = {isa = PBXFileReference; lastKnownFileType = file.storyboard; name = Base; path = Base.lproj/LaunchScreen.storyboard; sourceTree = "<group>"; };
		B410B17728FE5647000CD740 /* Info.plist */ = {isa = PBXFileReference; lastKnownFileType = text.plist.xml; path = Info.plist; sourceTree = "<group>"; };
		B43245B7291117DB00EFD107 /* QMAnimatinManager.swift */ = {isa = PBXFileReference; lastKnownFileType = sourcecode.swift; path = QMAnimatinManager.swift; sourceTree = "<group>"; };
		B43245B929111F2500EFD107 /* QMAnimatorProtocol.swift */ = {isa = PBXFileReference; lastKnownFileType = sourcecode.swift; path = QMAnimatorProtocol.swift; sourceTree = "<group>"; };
		B4BD103029120D100099F724 /* QMPercentDrivenInteractiveTransition.swift */ = {isa = PBXFileReference; lastKnownFileType = sourcecode.swift; path = QMPercentDrivenInteractiveTransition.swift; sourceTree = "<group>"; };
		B4BD103229121A990099F724 /* QMSwipeAnimator.swift */ = {isa = PBXFileReference; lastKnownFileType = sourcecode.swift; path = QMSwipeAnimator.swift; sourceTree = "<group>"; };
		B4D984D529150B0E0058B081 /* YYNestScrollView.swift */ = {isa = PBXFileReference; fileEncoding = 4; lastKnownFileType = sourcecode.swift; path = YYNestScrollView.swift; sourceTree = "<group>"; };
		F2C62860BBA527D1F5E7D2B5 /* Pods-PushDemo.debug.xcconfig */ = {isa = PBXFileReference; includeInIndex = 1; lastKnownFileType = text.xcconfig; name = "Pods-PushDemo.debug.xcconfig"; path = "Target Support Files/Pods-PushDemo/Pods-PushDemo.debug.xcconfig"; sourceTree = "<group>"; };
		F2E66C77FDEBFA642866FE13 /* Pods-PushDemo.release.xcconfig */ = {isa = PBXFileReference; includeInIndex = 1; lastKnownFileType = text.xcconfig; name = "Pods-PushDemo.release.xcconfig"; path = "Target Support Files/Pods-PushDemo/Pods-PushDemo.release.xcconfig"; sourceTree = "<group>"; };
/* End PBXFileReference section */

/* Begin PBXFrameworksBuildPhase section */
		B410B16328FE5645000CD740 /* Frameworks */ = {
			isa = PBXFrameworksBuildPhase;
			buildActionMask = 2147483647;
			files = (
				033777C778DEEBFBD9F31946 /* Pods_PushDemo.framework in Frameworks */,
			);
			runOnlyForDeploymentPostprocessing = 0;
		};
/* End PBXFrameworksBuildPhase section */

/* Begin PBXGroup section */
		B410B15D28FE5645000CD740 = {
			isa = PBXGroup;
			children = (
				B410B16828FE5645000CD740 /* PushDemo */,
				B410B16728FE5645000CD740 /* Products */,
				B51B54528C8E02468DD59B7A /* Pods */,
				E5C9AA98C6A53BAD68DBFCE9 /* Frameworks */,
			);
			sourceTree = "<group>";
		};
		B410B16728FE5645000CD740 /* Products */ = {
			isa = PBXGroup;
			children = (
				B410B16628FE5645000CD740 /* PushDemo.app */,
			);
			name = Products;
			sourceTree = "<group>";
		};
		B410B16828FE5645000CD740 /* PushDemo */ = {
			isa = PBXGroup;
			children = (
				B4D984D529150B0E0058B081 /* YYNestScrollView.swift */,
				B410B16928FE5645000CD740 /* AppDelegate.swift */,
				B410B16B28FE5645000CD740 /* SceneDelegate.swift */,
				B410B16D28FE5645000CD740 /* ViewController.swift */,
				B43245B929111F2500EFD107 /* QMAnimatorProtocol.swift */,
				B43245B7291117DB00EFD107 /* QMAnimatinManager.swift */,
				B4BD103229121A990099F724 /* QMSwipeAnimator.swift */,
				B4BD103029120D100099F724 /* QMPercentDrivenInteractiveTransition.swift */,
				B410B16F28FE5645000CD740 /* Main.storyboard */,
				B410B17228FE5646000CD740 /* Assets.xcassets */,
				B410B17428FE5646000CD740 /* LaunchScreen.storyboard */,
				B410B17728FE5647000CD740 /* Info.plist */,
			);
			path = PushDemo;
			sourceTree = "<group>";
		};
		B51B54528C8E02468DD59B7A /* Pods */ = {
			isa = PBXGroup;
			children = (
				F2C62860BBA527D1F5E7D2B5 /* Pods-PushDemo.debug.xcconfig */,
				F2E66C77FDEBFA642866FE13 /* Pods-PushDemo.release.xcconfig */,
			);
			path = Pods;
			sourceTree = "<group>";
		};
		E5C9AA98C6A53BAD68DBFCE9 /* Frameworks */ = {
			isa = PBXGroup;
			children = (
				8FA14E05B68DA29E13807EDE /* Pods_PushDemo.framework */,
			);
			name = Frameworks;
			sourceTree = "<group>";
		};
/* End PBXGroup section */

/* Begin PBXNativeTarget section */
		B410B16528FE5645000CD740 /* PushDemo */ = {
			isa = PBXNativeTarget;
			buildConfigurationList = B410B17A28FE5647000CD740 /* Build configuration list for PBXNativeTarget "PushDemo" */;
			buildPhases = (
				9DFD34FB889502714E3CC4C8 /* [CP] Check Pods Manifest.lock */,
				B410B16228FE5645000CD740 /* Sources */,
				B410B16328FE5645000CD740 /* Frameworks */,
				B410B16428FE5645000CD740 /* Resources */,
				0617A133ED6765B474632251 /* [CP] Embed Pods Frameworks */,
			);
			buildRules = (
			);
			dependencies = (
			);
			name = PushDemo;
			productName = PushDemo;
			productReference = B410B16628FE5645000CD740 /* PushDemo.app */;
			productType = "com.apple.product-type.application";
		};
/* End PBXNativeTarget section */

/* Begin PBXProject section */
		B410B15E28FE5645000CD740 /* Project object */ = {
			isa = PBXProject;
			attributes = {
				BuildIndependentTargetsInParallel = 1;
				LastSwiftUpdateCheck = 1340;
				LastUpgradeCheck = 1340;
				TargetAttributes = {
					B410B16528FE5645000CD740 = {
						CreatedOnToolsVersion = 13.4.1;
					};
				};
			};
			buildConfigurationList = B410B16128FE5645000CD740 /* Build configuration list for PBXProject "PushDemo" */;
			compatibilityVersion = "Xcode 13.0";
			developmentRegion = en;
			hasScannedForEncodings = 0;
			knownRegions = (
				en,
				Base,
			);
			mainGroup = B410B15D28FE5645000CD740;
			productRefGroup = B410B16728FE5645000CD740 /* Products */;
			projectDirPath = "";
			projectRoot = "";
			targets = (
				B410B16528FE5645000CD740 /* PushDemo */,
			);
		};
/* End PBXProject section */

/* Begin PBXResourcesBuildPhase section */
		B410B16428FE5645000CD740 /* Resources */ = {
			isa = PBXResourcesBuildPhase;
			buildActionMask = 2147483647;
			files = (
				B410B17628FE5646000CD740 /* LaunchScreen.storyboard in Resources */,
				B410B17328FE5646000CD740 /* Assets.xcassets in Resources */,
				B410B17128FE5645000CD740 /* Main.storyboard in Resources */,
			);
			runOnlyForDeploymentPostprocessing = 0;
		};
/* End PBXResourcesBuildPhase section */

/* Begin PBXShellScriptBuildPhase section */
		0617A133ED6765B474632251 /* [CP] Embed Pods Frameworks */ = {
			isa = PBXShellScriptBuildPhase;
			buildActionMask = 2147483647;
			files = (
			);
			inputFileListPaths = (
				"${PODS_ROOT}/Target Support Files/Pods-PushDemo/Pods-PushDemo-frameworks-${CONFIGURATION}-input-files.xcfilelist",
			);
			name = "[CP] Embed Pods Frameworks";
			outputFileListPaths = (
				"${PODS_ROOT}/Target Support Files/Pods-PushDemo/Pods-PushDemo-frameworks-${CONFIGURATION}-output-files.xcfilelist",
			);
			runOnlyForDeploymentPostprocessing = 0;
			shellPath = /bin/sh;
			shellScript = "\"${PODS_ROOT}/Target Support Files/Pods-PushDemo/Pods-PushDemo-frameworks.sh\"\n";
			showEnvVarsInLog = 0;
		};
		9DFD34FB889502714E3CC4C8 /* [CP] Check Pods Manifest.lock */ = {
			isa = PBXShellScriptBuildPhase;
			buildActionMask = 2147483647;
			files = (
			);
			inputFileListPaths = (
			);
			inputPaths = (
				"${PODS_PODFILE_DIR_PATH}/Podfile.lock",
				"${PODS_ROOT}/Manifest.lock",
			);
			name = "[CP] Check Pods Manifest.lock";
			outputFileListPaths = (
			);
			outputPaths = (
				"$(DERIVED_FILE_DIR)/Pods-PushDemo-checkManifestLockResult.txt",
			);
			runOnlyForDeploymentPostprocessing = 0;
			shellPath = /bin/sh;
			shellScript = "diff \"${PODS_PODFILE_DIR_PATH}/Podfile.lock\" \"${PODS_ROOT}/Manifest.lock\" > /dev/null\nif [ $? != 0 ] ; then\n    # print error to STDERR\n    echo \"error: The sandbox is not in sync with the Podfile.lock. Run 'pod install' or update your CocoaPods installation.\" >&2\n    exit 1\nfi\n# This output is used by Xcode 'outputs' to avoid re-running this script phase.\necho \"SUCCESS\" > \"${SCRIPT_OUTPUT_FILE_0}\"\n";
			showEnvVarsInLog = 0;
		};
/* End PBXShellScriptBuildPhase section */

/* Begin PBXSourcesBuildPhase section */
		B410B16228FE5645000CD740 /* Sources */ = {
			isa = PBXSourcesBuildPhase;
			buildActionMask = 2147483647;
			files = (
				B410B16E28FE5645000CD740 /* ViewController.swift in Sources */,
				B4BD103329121A990099F724 /* QMSwipeAnimator.swift in Sources */,
				B4BD103129120D100099F724 /* QMPercentDrivenInteractiveTransition.swift in Sources */,
				B410B16A28FE5645000CD740 /* AppDelegate.swift in Sources */,
				B43245B8291117DB00EFD107 /* QMAnimatinManager.swift in Sources */,
				B43245BA29111F2500EFD107 /* QMAnimatorProtocol.swift in Sources */,
				B410B16C28FE5645000CD740 /* SceneDelegate.swift in Sources */,
				B4D984D629150B0E0058B081 /* YYNestScrollView.swift in Sources */,
			);
			runOnlyForDeploymentPostprocessing = 0;
		};
/* End PBXSourcesBuildPhase section */

/* Begin PBXVariantGroup section */
		B410B16F28FE5645000CD740 /* Main.storyboard */ = {
			isa = PBXVariantGroup;
			children = (
				B410B17028FE5645000CD740 /* Base */,
			);
			name = Main.storyboard;
			sourceTree = "<group>";
		};
		B410B17428FE5646000CD740 /* LaunchScreen.storyboard */ = {
			isa = PBXVariantGroup;
			children = (
				B410B17528FE5646000CD740 /* Base */,
			);
			name = LaunchScreen.storyboard;
			sourceTree = "<group>";
		};
/* End PBXVariantGroup section */

/* Begin XCBuildConfiguration section */
		B410B17828FE5647000CD740 /* Debug */ = {
			isa = XCBuildConfiguration;
			buildSettings = {
				ALWAYS_SEARCH_USER_PATHS = NO;
				CLANG_ANALYZER_NONNULL = YES;
				CLANG_ANALYZER_NUMBER_OBJECT_CONVERSION = YES_AGGRESSIVE;
				CLANG_CXX_LANGUAGE_STANDARD = "gnu++17";
				CLANG_ENABLE_MODULES = YES;
				CLANG_ENABLE_OBJC_ARC = YES;
				CLANG_ENABLE_OBJC_WEAK = YES;
				CLANG_WARN_BLOCK_CAPTURE_AUTORELEASING = YES;
				CLANG_WARN_BOOL_CONVERSION = YES;
				CLANG_WARN_COMMA = YES;
				CLANG_WARN_CONSTANT_CONVERSION = YES;
				CLANG_WARN_DEPRECATED_OBJC_IMPLEMENTATIONS = YES;
				CLANG_WARN_DIRECT_OBJC_ISA_USAGE = YES_ERROR;
				CLANG_WARN_DOCUMENTATION_COMMENTS = YES;
				CLANG_WARN_EMPTY_BODY = YES;
				CLANG_WARN_ENUM_CONVERSION = YES;
				CLANG_WARN_INFINITE_RECURSION = YES;
				CLANG_WARN_INT_CONVERSION = YES;
				CLANG_WARN_NON_LITERAL_NULL_CONVERSION = YES;
				CLANG_WARN_OBJC_IMPLICIT_RETAIN_SELF = YES;
				CLANG_WARN_OBJC_LITERAL_CONVERSION = YES;
				CLANG_WARN_OBJC_ROOT_CLASS = YES_ERROR;
				CLANG_WARN_QUOTED_INCLUDE_IN_FRAMEWORK_HEADER = YES;
				CLANG_WARN_RANGE_LOOP_ANALYSIS = YES;
				CLANG_WARN_STRICT_PROTOTYPES = YES;
				CLANG_WARN_SUSPICIOUS_MOVE = YES;
				CLANG_WARN_UNGUARDED_AVAILABILITY = YES_AGGRESSIVE;
				CLANG_WARN_UNREACHABLE_CODE = YES;
				CLANG_WARN__DUPLICATE_METHOD_MATCH = YES;
				COPY_PHASE_STRIP = NO;
				DEBUG_INFORMATION_FORMAT = dwarf;
				ENABLE_STRICT_OBJC_MSGSEND = YES;
				ENABLE_TESTABILITY = YES;
				GCC_C_LANGUAGE_STANDARD = gnu11;
				GCC_DYNAMIC_NO_PIC = NO;
				GCC_NO_COMMON_BLOCKS = YES;
				GCC_OPTIMIZATION_LEVEL = 0;
				GCC_PREPROCESSOR_DEFINITIONS = (
					"DEBUG=1",
					"$(inherited)",
				);
				GCC_WARN_64_TO_32_BIT_CONVERSION = YES;
				GCC_WARN_ABOUT_RETURN_TYPE = YES_ERROR;
				GCC_WARN_UNDECLARED_SELECTOR = YES;
				GCC_WARN_UNINITIALIZED_AUTOS = YES_AGGRESSIVE;
				GCC_WARN_UNUSED_FUNCTION = YES;
				GCC_WARN_UNUSED_VARIABLE = YES;
				IPHONEOS_DEPLOYMENT_TARGET = 15.5;
				MTL_ENABLE_DEBUG_INFO = INCLUDE_SOURCE;
				MTL_FAST_MATH = YES;
				ONLY_ACTIVE_ARCH = YES;
				SDKROOT = iphoneos;
				SWIFT_ACTIVE_COMPILATION_CONDITIONS = DEBUG;
				SWIFT_OPTIMIZATION_LEVEL = "-Onone";
			};
			name = Debug;
		};
		B410B17928FE5647000CD740 /* Release */ = {
			isa = XCBuildConfiguration;
			buildSettings = {
				ALWAYS_SEARCH_USER_PATHS = NO;
				CLANG_ANALYZER_NONNULL = YES;
				CLANG_ANALYZER_NUMBER_OBJECT_CONVERSION = YES_AGGRESSIVE;
				CLANG_CXX_LANGUAGE_STANDARD = "gnu++17";
				CLANG_ENABLE_MODULES = YES;
				CLANG_ENABLE_OBJC_ARC = YES;
				CLANG_ENABLE_OBJC_WEAK = YES;
				CLANG_WARN_BLOCK_CAPTURE_AUTORELEASING = YES;
				CLANG_WARN_BOOL_CONVERSION = YES;
				CLANG_WARN_COMMA = YES;
				CLANG_WARN_CONSTANT_CONVERSION = YES;
				CLANG_WARN_DEPRECATED_OBJC_IMPLEMENTATIONS = YES;
				CLANG_WARN_DIRECT_OBJC_ISA_USAGE = YES_ERROR;
				CLANG_WARN_DOCUMENTATION_COMMENTS = YES;
				CLANG_WARN_EMPTY_BODY = YES;
				CLANG_WARN_ENUM_CONVERSION = YES;
				CLANG_WARN_INFINITE_RECURSION = YES;
				CLANG_WARN_INT_CONVERSION = YES;
				CLANG_WARN_NON_LITERAL_NULL_CONVERSION = YES;
				CLANG_WARN_OBJC_IMPLICIT_RETAIN_SELF = YES;
				CLANG_WARN_OBJC_LITERAL_CONVERSION = YES;
				CLANG_WARN_OBJC_ROOT_CLASS = YES_ERROR;
				CLANG_WARN_QUOTED_INCLUDE_IN_FRAMEWORK_HEADER = YES;
				CLANG_WARN_RANGE_LOOP_ANALYSIS = YES;
				CLANG_WARN_STRICT_PROTOTYPES = YES;
				CLANG_WARN_SUSPICIOUS_MOVE = YES;
				CLANG_WARN_UNGUARDED_AVAILABILITY = YES_AGGRESSIVE;
				CLANG_WARN_UNREACHABLE_CODE = YES;
				CLANG_WARN__DUPLICATE_METHOD_MATCH = YES;
				COPY_PHASE_STRIP = NO;
				DEBUG_INFORMATION_FORMAT = "dwarf-with-dsym";
				ENABLE_NS_ASSERTIONS = NO;
				ENABLE_STRICT_OBJC_MSGSEND = YES;
				GCC_C_LANGUAGE_STANDARD = gnu11;
				GCC_NO_COMMON_BLOCKS = YES;
				GCC_WARN_64_TO_32_BIT_CONVERSION = YES;
				GCC_WARN_ABOUT_RETURN_TYPE = YES_ERROR;
				GCC_WARN_UNDECLARED_SELECTOR = YES;
				GCC_WARN_UNINITIALIZED_AUTOS = YES_AGGRESSIVE;
				GCC_WARN_UNUSED_FUNCTION = YES;
				GCC_WARN_UNUSED_VARIABLE = YES;
				IPHONEOS_DEPLOYMENT_TARGET = 15.5;
				MTL_ENABLE_DEBUG_INFO = NO;
				MTL_FAST_MATH = YES;
				SDKROOT = iphoneos;
				SWIFT_COMPILATION_MODE = wholemodule;
				SWIFT_OPTIMIZATION_LEVEL = "-O";
				VALIDATE_PRODUCT = YES;
			};
			name = Release;
		};
		B410B17B28FE5647000CD740 /* Debug */ = {
			isa = XCBuildConfiguration;
			baseConfigurationReference = F2C62860BBA527D1F5E7D2B5 /* Pods-PushDemo.debug.xcconfig */;
			buildSettings = {
				ASSETCATALOG_COMPILER_APPICON_NAME = AppIcon;
				ASSETCATALOG_COMPILER_GLOBAL_ACCENT_COLOR_NAME = AccentColor;
				CODE_SIGN_IDENTITY = "iPhone Developer";
				CODE_SIGN_STYLE = Manual;
				CURRENT_PROJECT_VERSION = 1;
				DEVELOPMENT_TEAM = 857RNDE6PN;
				GENERATE_INFOPLIST_FILE = YES;
				INFOPLIST_FILE = PushDemo/Info.plist;
				INFOPLIST_KEY_UIApplicationSupportsIndirectInputEvents = YES;
				INFOPLIST_KEY_UILaunchStoryboardName = LaunchScreen;
				INFOPLIST_KEY_UIMainStoryboardFile = Main;
				INFOPLIST_KEY_UISupportedInterfaceOrientations_iPad = "UIInterfaceOrientationPortrait UIInterfaceOrientationPortraitUpsideDown UIInterfaceOrientationLandscapeLeft UIInterfaceOrientationLandscapeRight";
				INFOPLIST_KEY_UISupportedInterfaceOrientations_iPhone = "UIInterfaceOrientationPortrait UIInterfaceOrientationLandscapeLeft UIInterfaceOrientationLandscapeRight";
				IPHONEOS_DEPLOYMENT_TARGET = 13.0;
				LD_RUNPATH_SEARCH_PATHS = (
					"$(inherited)",
					"@executable_path/Frameworks",
				);
				MARKETING_VERSION = 1.0;
				PRODUCT_BUNDLE_IDENTIFIER = com.mumu.PushDemo;
				PRODUCT_NAME = "$(TARGET_NAME)";
				PROVISIONING_PROFILE_SPECIFIER = Wildcard_Dev;
				SWIFT_EMIT_LOC_STRINGS = YES;
				SWIFT_VERSION = 5.0;
				TARGETED_DEVICE_FAMILY = "1,2";
			};
			name = Debug;
		};
		B410B17C28FE5647000CD740 /* Release */ = {
			isa = XCBuildConfiguration;
			baseConfigurationReference = F2E66C77FDEBFA642866FE13 /* Pods-PushDemo.release.xcconfig */;
			buildSettings = {
				ASSETCATALOG_COMPILER_APPICON_NAME = AppIcon;
				ASSETCATALOG_COMPILER_GLOBAL_ACCENT_COLOR_NAME = AccentColor;
				CODE_SIGN_IDENTITY = "iPhone Developer";
				CODE_SIGN_STYLE = Manual;
				CURRENT_PROJECT_VERSION = 1;
				DEVELOPMENT_TEAM = 857RNDE6PN;
				GENERATE_INFOPLIST_FILE = YES;
				INFOPLIST_FILE = PushDemo/Info.plist;
				INFOPLIST_KEY_UIApplicationSupportsIndirectInputEvents = YES;
				INFOPLIST_KEY_UILaunchStoryboardName = LaunchScreen;
				INFOPLIST_KEY_UIMainStoryboardFile = Main;
				INFOPLIST_KEY_UISupportedInterfaceOrientations_iPad = "UIInterfaceOrientationPortrait UIInterfaceOrientationPortraitUpsideDown UIInterfaceOrientationLandscapeLeft UIInterfaceOrientationLandscapeRight";
				INFOPLIST_KEY_UISupportedInterfaceOrientations_iPhone = "UIInterfaceOrientationPortrait UIInterfaceOrientationLandscapeLeft UIInterfaceOrientationLandscapeRight";
				IPHONEOS_DEPLOYMENT_TARGET = 13.0;
				LD_RUNPATH_SEARCH_PATHS = (
					"$(inherited)",
					"@executable_path/Frameworks",
				);
				MARKETING_VERSION = 1.0;
				PRODUCT_BUNDLE_IDENTIFIER = com.mumu.PushDemo;
				PRODUCT_NAME = "$(TARGET_NAME)";
				PROVISIONING_PROFILE_SPECIFIER = Wildcard_Dev;
				SWIFT_EMIT_LOC_STRINGS = YES;
				SWIFT_VERSION = 5.0;
				TARGETED_DEVICE_FAMILY = "1,2";
			};
			name = Release;
		};
/* End XCBuildConfiguration section */

/* Begin XCConfigurationList section */
		B410B16128FE5645000CD740 /* Build configuration list for PBXProject "PushDemo" */ = {
			isa = XCConfigurationList;
			buildConfigurations = (
				B410B17828FE5647000CD740 /* Debug */,
				B410B17928FE5647000CD740 /* Release */,
			);
			defaultConfigurationIsVisible = 0;
			defaultConfigurationName = Release;
		};
		B410B17A28FE5647000CD740 /* Build configuration list for PBXNativeTarget "PushDemo" */ = {
			isa = XCConfigurationList;
			buildConfigurations = (
				B410B17B28FE5647000CD740 /* Debug */,
				B410B17C28FE5647000CD740 /* Release */,
			);
			defaultConfigurationIsVisible = 0;
			defaultConfigurationName = Release;
		};
/* End XCConfigurationList section */
	};
	rootObject = B410B15E28FE5645000CD740 /* Project object */;
}
